<?xml version="1.0" encoding="utf-8"?>
<Project ToolsVersion="4.0" xmlns="http://schemas.microsoft.com/developer/msbuild/2003">
  <ItemGroup>
    <Filter Include="Resource Files">
      <UniqueIdentifier>{67DA6AB6-F800-4c08-8B7A-83BB121AAD01}</UniqueIdentifier>
      <Extensions>rc;ico;cur;bmp;dlg;rc2;rct;bin;rgs;gif;jpg;jpeg;jpe;resx;tiff;tif;png;wav</Extensions>
    </Filter>
    <Filter Include="Source Files">
      <UniqueIdentifier>{44c42c61-bcee-4af8-adc2-be94ca8e443a}</UniqueIdentifier>
      <Extensions>cpp;c;cc;cxx;def;odl;idl;hpj;bat;asm;asmx</Extensions>
    </Filter>
    <Filter Include="Header Files">
      <UniqueIdentifier>{f9f1887e-a4c5-491d-8fc8-fb9213991641}</UniqueIdentifier>
      <Extensions>h;hh;hpp;hxx;hm;inl;inc;xsd</Extensions>
    </Filter>
  </ItemGroup>
  <ItemGroup>
    <ClCompile Include="src\Coderun.cpp">
      <Filter>Source Files</Filter>
    </ClCompile>
    <ClCompile Include="src\IceObject.cpp">
      <Filter>Source Files</Filter>
    </ClCompile>
    <ClCompile Include="src\Interpreter.cpp">
      <Filter>Source Files</Filter>
    </ClCompile>
    <ClCompile Include="src\LexicalAnalyzer.cpp">
      <Filter>Source Files</Filter>
    </ClCompile>
    <ClCompile Include="src\main.cpp">
      <Filter>Source Files</Filter>
    </ClCompile>
    <ClCompile Include="src\SyntaxAnalyzer.cpp">
      <Filter>Source Files</Filter>
    </ClCompile>
    <ClCompile Include="src\Token.cpp">
      <Filter>Source Files</Filter>
    </ClCompile>
  </ItemGroup>
  <ItemGroup>
    <ClInclude Include="include\Coderun.h">
      <Filter>Header Files</Filter>
    </ClInclude>
    <ClInclude Include="include\IceObject.h">
      <Filter>Header Files</Filter>
    </ClInclude>
    <ClInclude Include="include\Interpreter.h">
      <Filter>Header Files</Filter>
    </ClInclude>
    <ClInclude Include="include\LexicalAnalyzer.h">
      <Filter>Header Files</Filter>
    </ClInclude>
    <ClInclude Include="include\Node.h">
      <Filter>Header Files</Filter>
    </ClInclude>
    <ClInclude Include="include\SyntaxAnalyzer.h">
      <Filter>Header Files</Filter>
    </ClInclude>
    <ClInclude Include="include\Token.h">
      <Filter>Header Files</Filter>
    </ClInclude>
  </ItemGroup>
</Project>